# This is a Gradle generated file for dependency locking.
# Manual edits can break the build and are not advised.
# This file is expected to be part of source control.
co.touchlab:stately-concurrency-jvm:2.1.0=testRuntimeClasspath
co.touchlab:stately-concurrency:2.1.0=testRuntimeClasspath
co.touchlab:stately-concurrent-collections-jvm:2.1.0=testRuntimeClasspath
co.touchlab:stately-concurrent-collections:2.1.0=testRuntimeClasspath
co.touchlab:stately-strict-jvm:2.1.0=testRuntimeClasspath
co.touchlab:stately-strict:2.1.0=testRuntimeClasspath
com.charleskorn.kaml:kaml-jvm:0.69.0=compileClasspath,jvmCompileClasspath,jvmTestCompileClasspath,jvmTestRuntimeClasspath,testCompileClasspath,testRuntimeClasspath
com.charleskorn.kaml:kaml-linuxarm64:0.69.0=linuxArm64CompileKlibraries
com.charleskorn.kaml:kaml-linuxx64:0.69.0=linuxX64CompileKlibraries
com.charleskorn.kaml:kaml-macosarm64:0.69.0=macosArm64CompileKlibraries,macosArm64TestCompileKlibraries
com.charleskorn.kaml:kaml-macosx64:0.69.0=macosX64CompileKlibraries
com.charleskorn.kaml:kaml:0.69.0=compileClasspath,jvmCompileClasspath,jvmTestCompileClasspath,jvmTestRuntimeClasspath,linuxArm64CompileKlibraries,linuxX64CompileKlibraries,macosArm64CompileKlibraries,macosArm64TestCompileKlibraries,macosX64CompileKlibraries,swiftPMDependenciesMetadataClasspath,testCompileClasspath,testRuntimeClasspath
com.juul.kable:kable-btleplug-ffi:0.43.1=testRuntimeClasspath
com.juul.kable:kable-core-jvm:0.43.1=compileClasspath,testCompileClasspath,testRuntimeClasspath
com.juul.kable:kable-core:0.43.1=compileClasspath,testCompileClasspath,testRuntimeClasspath
com.squareup.okio:okio-jvm:3.9.1=jvmTestRuntimeClasspath,testRuntimeClasspath
com.squareup.okio:okio-linuxarm64:3.9.1=linuxArm64CompileKlibraries
com.squareup.okio:okio-linuxx64:3.9.1=linuxX64CompileKlibraries
com.squareup.okio:okio-macosarm64:3.9.1=macosArm64CompileKlibraries,macosArm64TestCompileKlibraries
com.squareup.okio:okio-macosx64:3.9.1=macosX64CompileKlibraries
com.squareup.okio:okio:3.9.1=jvmTestRuntimeClasspath,linuxArm64CompileKlibraries,linuxX64CompileKlibraries,macosArm64CompileKlibraries,macosArm64TestCompileKlibraries,macosX64CompileKlibraries,swiftPMDependenciesMetadataClasspath,testRuntimeClasspath
dev.warsha.remoteble:client-sdk-jvm:0.10.0=compileClasspath,testCompileClasspath,testRuntimeClasspath
dev.warsha.remoteble:client-sdk:0.10.0=compileClasspath,testCompileClasspath,testRuntimeClasspath
dev.warsha.remoteble:log-jvm:0.10.0=compileClasspath,testCompileClasspath,testRuntimeClasspath
dev.warsha.remoteble:log:0.10.0=compileClasspath,testCompileClasspath,testRuntimeClasspath
dev.warsha.remoteble:protocol-jvm:0.10.0=compileClasspath,testCompileClasspath,testRuntimeClasspath
dev.warsha.remoteble:protocol:0.10.0=compileClasspath,testCompileClasspath,testRuntimeClasspath
io.insert-koin:koin-core-jvm:4.2.1=compileClasspath,testCompileClasspath,testRuntimeClasspath
io.insert-koin:koin-core:4.2.1=compileClasspath,testCompileClasspath,testRuntimeClasspath
io.ktor:ktor-client-cio-jvm:3.5.1=compileClasspath,jvmCompileClasspath,jvmTestCompileClasspath,jvmTestRuntimeClasspath,testCompileClasspath,testRuntimeClasspath
io.ktor:ktor-client-cio-linuxarm64:3.5.1=linuxArm64CompileKlibraries
io.ktor:ktor-client-cio-linuxx64:3.5.1=linuxX64CompileKlibraries
io.ktor:ktor-client-cio-macosarm64:3.5.1=macosArm64CompileKlibraries,macosArm64TestCompileKlibraries
io.ktor:ktor-client-cio-macosx64:3.5.1=macosX64CompileKlibraries
io.ktor:ktor-client-cio:3.5.1=compileClasspath,jvmCompileClasspath,jvmTestCompileClasspath,jvmTestRuntimeClasspath,linuxArm64CompileKlibraries,linuxX64CompileKlibraries,macosArm64CompileKlibraries,macosArm64TestCompileKlibraries,macosX64CompileKlibraries,swiftPMDependenciesMetadataClasspath,testCompileClasspath,testRuntimeClasspath
io.ktor:ktor-client-core-jvm:3.5.1=compileClasspath,jvmCompileClasspath,jvmTestCompileClasspath,jvmTestRuntimeClasspath,testCompileClasspath,testRuntimeClasspath
io.ktor:ktor-client-core-linuxarm64:3.5.1=linuxArm64CompileKlibraries
io.ktor:ktor-client-core-linuxx64:3.5.1=linuxX64CompileKlibraries
io.ktor:ktor-client-core-macosarm64:3.5.1=macosArm64CompileKlibraries,macosArm64TestCompileKlibraries
io.ktor:ktor-client-core-macosx64:3.5.1=macosX64CompileKlibraries
io.ktor:ktor-client-core:3.5.1=compileClasspath,jvmCompileClasspath,jvmTestCompileClasspath,jvmTestRuntimeClasspath,linuxArm64CompileKlibraries,linuxX64CompileKlibraries,macosArm64CompileKlibraries,macosArm64TestCompileKlibraries,macosX64CompileKlibraries,swiftPMDependenciesMetadataClasspath,testCompileClasspath,testRuntimeClasspath
io.ktor:ktor-client-websockets-jvm:3.5.1=jvmCompileClasspath,jvmTestCompileClasspath,jvmTestRuntimeClasspath,testRuntimeClasspath
io.ktor:ktor-client-websockets-linuxarm64:3.5.1=linuxArm64CompileKlibraries
io.ktor:ktor-client-websockets-linuxx64:3.5.1=linuxX64CompileKlibraries
io.ktor:ktor-client-websockets-macosarm64:3.5.1=macosArm64CompileKlibraries,macosArm64TestCompileKlibraries
io.ktor:ktor-client-websockets-macosx64:3.5.1=macosX64CompileKlibraries
io.ktor:ktor-client-websockets:3.5.1=jvmCompileClasspath,jvmTestCompileClasspath,jvmTestRuntimeClasspath,linuxArm64CompileKlibraries,linuxX64CompileKlibraries,macosArm64CompileKlibraries,macosArm64TestCompileKlibraries,macosX64CompileKlibraries,swiftPMDependenciesMetadataClasspath,testRuntimeClasspath
io.ktor:ktor-events-jvm:3.5.1=compileClasspath,jvmCompileClasspath,jvmTestCompileClasspath,jvmTestRuntimeClasspath,testCompileClasspath,testRuntimeClasspath
io.ktor:ktor-events-linuxarm64:3.5.1=linuxArm64CompileKlibraries
io.ktor:ktor-events-linuxx64:3.5.1=linuxX64CompileKlibraries
io.ktor:ktor-events-macosarm64:3.5.1=macosArm64CompileKlibraries,macosArm64TestCompileKlibraries
io.ktor:ktor-events-macosx64:3.5.1=macosX64CompileKlibraries
io.ktor:ktor-events:3.5.1=compileClasspath,jvmCompileClasspath,jvmTestCompileClasspath,jvmTestRuntimeClasspath,linuxArm64CompileKlibraries,linuxX64CompileKlibraries,macosArm64CompileKlibraries,macosArm64TestCompileKlibraries,macosX64CompileKlibraries,swiftPMDependenciesMetadataClasspath,testCompileClasspath,testRuntimeClasspath
io.ktor:ktor-http-cio-jvm:3.5.1=compileClasspath,jvmCompileClasspath,jvmTestCompileClasspath,jvmTestRuntimeClasspath,testCompileClasspath,testRuntimeClasspath
io.ktor:ktor-http-cio-linuxarm64:3.5.1=linuxArm64CompileKlibraries
io.ktor:ktor-http-cio-linuxx64:3.5.1=linuxX64CompileKlibraries
io.ktor:ktor-http-cio-macosarm64:3.5.1=macosArm64CompileKlibraries,macosArm64TestCompileKlibraries
io.ktor:ktor-http-cio-macosx64:3.5.1=macosX64CompileKlibraries
io.ktor:ktor-http-cio:3.5.1=compileClasspath,jvmCompileClasspath,jvmTestCompileClasspath,jvmTestRuntimeClasspath,linuxArm64CompileKlibraries,linuxX64CompileKlibraries,macosArm64CompileKlibraries,macosArm64TestCompileKlibraries,macosX64CompileKlibraries,swiftPMDependenciesMetadataClasspath,testCompileClasspath,testRuntimeClasspath
io.ktor:ktor-http-jvm:3.5.1=compileClasspath,jvmCompileClasspath,jvmTestCompileClasspath,jvmTestRuntimeClasspath,testCompileClasspath,testRuntimeClasspath
io.ktor:ktor-http-linuxarm64:3.5.1=linuxArm64CompileKlibraries
io.ktor:ktor-http-linuxx64:3.5.1=linuxX64CompileKlibraries
io.ktor:ktor-http-macosarm64:3.5.1=macosArm64CompileKlibraries,macosArm64TestCompileKlibraries
io.ktor:ktor-http-macosx64:3.5.1=macosX64CompileKlibraries
io.ktor:ktor-http:3.5.1=compileClasspath,jvmCompileClasspath,jvmTestCompileClasspath,jvmTestRuntimeClasspath,linuxArm64CompileKlibraries,linuxX64CompileKlibraries,macosArm64CompileKlibraries,macosArm64TestCompileKlibraries,macosX64CompileKlibraries,swiftPMDependenciesMetadataClasspath,testCompileClasspath,testRuntimeClasspath
io.ktor:ktor-io-jvm:3.5.1=compileClasspath,jvmCompileClasspath,jvmTestCompileClasspath,jvmTestRuntimeClasspath,testCompileClasspath,testRuntimeClasspath
io.ktor:ktor-io-linuxarm64:3.5.1=linuxArm64CompileKlibraries
io.ktor:ktor-io-linuxx64:3.5.1=linuxX64CompileKlibraries
io.ktor:ktor-io-macosarm64:3.5.1=macosArm64CompileKlibraries,macosArm64TestCompileKlibraries
io.ktor:ktor-io-macosx64:3.5.1=macosX64CompileKlibraries
io.ktor:ktor-io:3.5.1=compileClasspath,jvmCompileClasspath,jvmTestCompileClasspath,jvmTestRuntimeClasspath,linuxArm64CompileKlibraries,linuxX64CompileKlibraries,macosArm64CompileKlibraries,macosArm64TestCompileKlibraries,macosX64CompileKlibraries,swiftPMDependenciesMetadataClasspath,testCompileClasspath,testRuntimeClasspath
io.ktor:ktor-network-jvm:3.5.1=compileClasspath,jvmCompileClasspath,jvmTestCompileClasspath,jvmTestRuntimeClasspath,testCompileClasspath,testRuntimeClasspath
io.ktor:ktor-network-linuxarm64:3.5.1=linuxArm64CompileKlibraries
io.ktor:ktor-network-linuxx64:3.5.1=linuxX64CompileKlibraries
io.ktor:ktor-network-macosarm64:3.5.1=macosArm64CompileKlibraries,macosArm64TestCompileKlibraries
io.ktor:ktor-network-macosx64:3.5.1=macosX64CompileKlibraries
io.ktor:ktor-network-tls-jvm:3.5.1=compileClasspath,jvmCompileClasspath,jvmTestCompileClasspath,jvmTestRuntimeClasspath,testCompileClasspath,testRuntimeClasspath
io.ktor:ktor-network-tls-linuxarm64:3.5.1=linuxArm64CompileKlibraries
io.ktor:ktor-network-tls-linuxx64:3.5.1=linuxX64CompileKlibraries
io.ktor:ktor-network-tls-macosarm64:3.5.1=macosArm64CompileKlibraries,macosArm64TestCompileKlibraries
io.ktor:ktor-network-tls-macosx64:3.5.1=macosX64CompileKlibraries
io.ktor:ktor-network-tls:3.5.1=compileClasspath,jvmCompileClasspath,jvmTestCompileClasspath,jvmTestRuntimeClasspath,linuxArm64CompileKlibraries,linuxX64CompileKlibraries,macosArm64CompileKlibraries,macosArm64TestCompileKlibraries,macosX64CompileKlibraries,swiftPMDependenciesMetadataClasspath,testCompileClasspath,testRuntimeClasspath
io.ktor:ktor-network:3.5.1=compileClasspath,jvmCompileClasspath,jvmTestCompileClasspath,jvmTestRuntimeClasspath,linuxArm64CompileKlibraries,linuxX64CompileKlibraries,macosArm64CompileKlibraries,macosArm64TestCompileKlibraries,macosX64CompileKlibraries,swiftPMDependenciesMetadataClasspath,testCompileClasspath,testRuntimeClasspath
io.ktor:ktor-serialization-jvm:3.5.1=compileClasspath,jvmCompileClasspath,jvmTestCompileClasspath,jvmTestRuntimeClasspath,testCompileClasspath,testRuntimeClasspath
io.ktor:ktor-serialization-linuxarm64:3.5.1=linuxArm64CompileKlibraries
io.ktor:ktor-serialization-linuxx64:3.5.1=linuxX64CompileKlibraries
io.ktor:ktor-serialization-macosarm64:3.5.1=macosArm64CompileKlibraries,macosArm64TestCompileKlibraries
io.ktor:ktor-serialization-macosx64:3.5.1=macosX64CompileKlibraries
io.ktor:ktor-serialization:3.5.1=compileClasspath,jvmCompileClasspath,jvmTestCompileClasspath,jvmTestRuntimeClasspath,linuxArm64CompileKlibraries,linuxX64CompileKlibraries,macosArm64CompileKlibraries,macosArm64TestCompileKlibraries,macosX64CompileKlibraries,swiftPMDependenciesMetadataClasspath,testCompileClasspath,testRuntimeClasspath
io.ktor:ktor-sse-jvm:3.5.1=compileClasspath,jvmCompileClasspath,jvmTestCompileClasspath,jvmTestRuntimeClasspath,testCompileClasspath,testRuntimeClasspath
io.ktor:ktor-sse-linuxarm64:3.5.1=linuxArm64CompileKlibraries
io.ktor:ktor-sse-linuxx64:3.5.1=linuxX64CompileKlibraries
io.ktor:ktor-sse-macosarm64:3.5.1=macosArm64CompileKlibraries,macosArm64TestCompileKlibraries
io.ktor:ktor-sse-macosx64:3.5.1=macosX64CompileKlibraries
io.ktor:ktor-sse:3.5.1=compileClasspath,jvmCompileClasspath,jvmTestCompileClasspath,jvmTestRuntimeClasspath,linuxArm64CompileKlibraries,linuxX64CompileKlibraries,macosArm64CompileKlibraries,macosArm64TestCompileKlibraries,macosX64CompileKlibraries,swiftPMDependenciesMetadataClasspath,testCompileClasspath,testRuntimeClasspath
io.ktor:ktor-utils-jvm:3.5.1=compileClasspath,jvmCompileClasspath,jvmTestCompileClasspath,jvmTestRuntimeClasspath,testCompileClasspath,testRuntimeClasspath
io.ktor:ktor-utils-linuxarm64:3.5.1=linuxArm64CompileKlibraries
io.ktor:ktor-utils-linuxx64:3.5.1=linuxX64CompileKlibraries
io.ktor:ktor-utils-macosarm64:3.5.1=macosArm64CompileKlibraries,macosArm64TestCompileKlibraries
io.ktor:ktor-utils-macosx64:3.5.1=macosX64CompileKlibraries
io.ktor:ktor-utils:3.5.1=compileClasspath,jvmCompileClasspath,jvmTestCompileClasspath,jvmTestRuntimeClasspath,linuxArm64CompileKlibraries,linuxX64CompileKlibraries,macosArm64CompileKlibraries,macosArm64TestCompileKlibraries,macosX64CompileKlibraries,swiftPMDependenciesMetadataClasspath,testCompileClasspath,testRuntimeClasspath
io.ktor:ktor-websocket-serialization-jvm:3.5.1=compileClasspath,jvmCompileClasspath,jvmTestCompileClasspath,jvmTestRuntimeClasspath,testCompileClasspath,testRuntimeClasspath
io.ktor:ktor-websocket-serialization-linuxarm64:3.5.1=linuxArm64CompileKlibraries
io.ktor:ktor-websocket-serialization-linuxx64:3.5.1=linuxX64CompileKlibraries
io.ktor:ktor-websocket-serialization-macosarm64:3.5.1=macosArm64CompileKlibraries,macosArm64TestCompileKlibraries
io.ktor:ktor-websocket-serialization-macosx64:3.5.1=macosX64CompileKlibraries
io.ktor:ktor-websocket-serialization:3.5.1=compileClasspath,jvmCompileClasspath,jvmTestCompileClasspath,jvmTestRuntimeClasspath,linuxArm64CompileKlibraries,linuxX64CompileKlibraries,macosArm64CompileKlibraries,macosArm64TestCompileKlibraries,macosX64CompileKlibraries,swiftPMDependenciesMetadataClasspath,testCompileClasspath,testRuntimeClasspath
io.ktor:ktor-websockets-jvm:3.5.1=compileClasspath,jvmCompileClasspath,jvmTestCompileClasspath,jvmTestRuntimeClasspath,testCompileClasspath,testRuntimeClasspath
io.ktor:ktor-websockets-linuxarm64:3.5.1=linuxArm64CompileKlibraries
io.ktor:ktor-websockets-linuxx64:3.5.1=linuxX64CompileKlibraries
io.ktor:ktor-websockets-macosarm64:3.5.1=macosArm64CompileKlibraries,macosArm64TestCompileKlibraries
io.ktor:ktor-websockets-macosx64:3.5.1=macosX64CompileKlibraries
io.ktor:ktor-websockets:3.5.1=compileClasspath,jvmCompileClasspath,jvmTestCompileClasspath,jvmTestRuntimeClasspath,linuxArm64CompileKlibraries,linuxX64CompileKlibraries,macosArm64CompileKlibraries,macosArm64TestCompileKlibraries,macosX64CompileKlibraries,swiftPMDependenciesMetadataClasspath,testCompileClasspath,testRuntimeClasspath
it.krzeminski:snakeyaml-engine-kmp-jvm:3.0.3=jvmTestRuntimeClasspath,testRuntimeClasspath
it.krzeminski:snakeyaml-engine-kmp-linuxarm64:3.0.3=linuxArm64CompileKlibraries
it.krzeminski:snakeyaml-engine-kmp-linuxx64:3.0.3=linuxX64CompileKlibraries
it.krzeminski:snakeyaml-engine-kmp-macosarm64:3.0.3=macosArm64CompileKlibraries,macosArm64TestCompileKlibraries
it.krzeminski:snakeyaml-engine-kmp-macosx64:3.0.3=macosX64CompileKlibraries
it.krzeminski:snakeyaml-engine-kmp:3.0.3=jvmTestRuntimeClasspath,linuxArm64CompileKlibraries,linuxX64CompileKlibraries,macosArm64CompileKlibraries,macosArm64TestCompileKlibraries,macosX64CompileKlibraries,swiftPMDependenciesMetadataClasspath,testRuntimeClasspath
junit:junit:4.13.2=jvmTestCompileClasspath,jvmTestRuntimeClasspath
net.java.dev.jna:jna:5.18.1=testRuntimeClasspath
net.thauvin.erik.urlencoder:urlencoder-lib-jvm:1.6.0=jvmTestRuntimeClasspath,testRuntimeClasspath
net.thauvin.erik.urlencoder:urlencoder-lib-linuxarm64:1.6.0=linuxArm64CompileKlibraries
net.thauvin.erik.urlencoder:urlencoder-lib-linuxx64:1.6.0=linuxX64CompileKlibraries
net.thauvin.erik.urlencoder:urlencoder-lib-macosarm64:1.6.0=macosArm64CompileKlibraries,macosArm64TestCompileKlibraries
net.thauvin.erik.urlencoder:urlencoder-lib-macosx64:1.6.0=macosX64CompileKlibraries
net.thauvin.erik.urlencoder:urlencoder-lib:1.6.0=jvmTestRuntimeClasspath,linuxArm64CompileKlibraries,linuxX64CompileKlibraries,macosArm64CompileKlibraries,macosArm64TestCompileKlibraries,macosX64CompileKlibraries,swiftPMDependenciesMetadataClasspath,testRuntimeClasspath
org.apiguardian:apiguardian-api:1.1.2=testCompileClasspath
org.hamcrest:hamcrest-core:1.3=jvmTestCompileClasspath,jvmTestRuntimeClasspath
org.jacoco:org.jacoco.agent:0.8.14=jacocoAgent,jacocoAnt
org.jacoco:org.jacoco.ant:0.8.14=jacocoAnt
org.jacoco:org.jacoco.core:0.8.14=jacocoAnt
org.jacoco:org.jacoco.report:0.8.14=jacocoAnt
org.jetbrains.kotlin:kotlin-build-tools-api:2.4.10=kotlinBuildToolsApiClasspath,kotlinCompilerClasspath
org.jetbrains.kotlin:kotlin-build-tools-compat:2.4.10=kotlinBuildToolsApiClasspath,kotlinCompilerClasspath
org.jetbrains.kotlin:kotlin-build-tools-cri-impl:2.4.10=kotlinBuildToolsApiClasspath,kotlinCompilerClasspath
org.jetbrains.kotlin:kotlin-build-tools-impl:2.4.10=kotlinBuildToolsApiClasspath,kotlinCompilerClasspath
org.jetbrains.kotlin:kotlin-compiler-embeddable:2.4.10=kotlinBuildToolsApiClasspath,kotlinCompilerClasspath
org.jetbrains.kotlin:kotlin-compiler-runner:2.4.10=kotlinBuildToolsApiClasspath,kotlinCompilerClasspath
org.jetbrains.kotlin:kotlin-daemon-client:2.4.10=kotlinBuildToolsApiClasspath,kotlinCompilerClasspath
org.jetbrains.kotlin:kotlin-daemon-embeddable:2.4.10=kotlinBuildToolsApiClasspath,kotlinCompilerClasspath
org.jetbrains.kotlin:kotlin-native-prebuilt:2.4.10=kotlinNativeBundleConfiguration
org.jetbrains.kotlin:kotlin-reflect:1.6.10=kotlinBuildToolsApiClasspath,kotlinCompilerClasspath
org.jetbrains.kotlin:kotlin-script-runtime:2.4.10=kotlinBuildToolsApiClasspath,kotlinCompilerClasspath,kotlinCompilerPluginClasspathJvmMain,kotlinCompilerPluginClasspathJvmTest,kotlinCompilerPluginClasspathMain,kotlinCompilerPluginClasspathTest
org.jetbrains.kotlin:kotlin-scripting-common:2.4.10=kotlinCompilerPluginClasspathJvmMain,kotlinCompilerPluginClasspathJvmTest,kotlinCompilerPluginClasspathMain,kotlinCompilerPluginClasspathTest
org.jetbrains.kotlin:kotlin-scripting-compiler-embeddable:2.4.10=kotlinCompilerPluginClasspathJvmMain,kotlinCompilerPluginClasspathJvmTest,kotlinCompilerPluginClasspathMain,kotlinCompilerPluginClasspathTest
org.jetbrains.kotlin:kotlin-scripting-compiler-impl-embeddable:2.4.10=kotlinCompilerPluginClasspathJvmMain,kotlinCompilerPluginClasspathJvmTest,kotlinCompilerPluginClasspathMain,kotlinCompilerPluginClasspathTest
org.jetbrains.kotlin:kotlin-scripting-jvm:2.4.10=kotlinCompilerPluginClasspathJvmMain,kotlinCompilerPluginClasspathJvmTest,kotlinCompilerPluginClasspathMain,kotlinCompilerPluginClasspathTest
org.jetbrains.kotlin:kotlin-serialization-compiler-plugin-embeddable:2.4.10=kotlinCompilerPluginClasspathJvmMain,kotlinCompilerPluginClasspathJvmTest,kotlinCompilerPluginClasspathMacosArm64Main,kotlinCompilerPluginClasspathMacosArm64Test,kotlinCompilerPluginClasspathMain,kotlinCompilerPluginClasspathTest
org.jetbrains.kotlin:kotlin-stdlib:2.4.10=compileClasspath,jvmCompileClasspath,jvmTestCompileClasspath,jvmTestRuntimeClasspath,kotlinBuildToolsApiClasspath,kotlinCompilerClasspath,kotlinCompilerPluginClasspathJvmMain,kotlinCompilerPluginClasspathJvmTest,kotlinCompilerPluginClasspathMain,kotlinCompilerPluginClasspathTest,linuxArm64CompileKlibraries,linuxX64CompileKlibraries,macosArm64CompileKlibraries,macosArm64TestCompileKlibraries,macosX64CompileKlibraries,swiftPMDependenciesMetadataClasspath,testCompileClasspath,testRuntimeClasspath
org.jetbrains.kotlin:kotlin-test-junit5:2.4.10=testCompileClasspath,testRuntimeClasspath
org.jetbrains.kotlin:kotlin-test-junit:2.4.10=jvmTestCompileClasspath,jvmTestRuntimeClasspath
org.jetbrains.kotlin:kotlin-test:2.4.10=jvmTestCompileClasspath,jvmTestRuntimeClasspath,macosArm64TestCompileKlibraries,testCompileClasspath,testRuntimeClasspath
org.jetbrains.kotlin:kotlin-tooling-core:2.4.10=kotlinBuildToolsApiClasspath,kotlinCompilerClasspath
org.jetbrains.kotlinx:atomicfu-linuxarm64:0.32.1=linuxArm64CompileKlibraries
org.jetbrains.kotlinx:atomicfu-linuxx64:0.32.1=linuxX64CompileKlibraries
org.jetbrains.kotlinx:atomicfu-macosarm64:0.32.1=macosArm64CompileKlibraries,macosArm64TestCompileKlibraries
org.jetbrains.kotlinx:atomicfu-macosx64:0.32.1=macosX64CompileKlibraries
org.jetbrains.kotlinx:atomicfu:0.23.1=swiftPMDependenciesMetadataClasspath
org.jetbrains.kotlinx:atomicfu:0.32.1=linuxArm64CompileKlibraries,linuxX64CompileKlibraries,macosArm64CompileKlibraries,macosArm64TestCompileKlibraries,macosX64CompileKlibraries
org.jetbrains.kotlinx:kotlinx-coroutines-bom:1.11.0=compileClasspath,jvmCompileClasspath,jvmTestCompileClasspath,jvmTestRuntimeClasspath,testCompileClasspath,testRuntimeClasspath
org.jetbrains.kotlinx:kotlinx-coroutines-core-jvm:1.11.0=compileClasspath,jvmCompileClasspath,jvmTestCompileClasspath,jvmTestRuntimeClasspath,testCompileClasspath,testRuntimeClasspath
org.jetbrains.kotlinx:kotlinx-coroutines-core-jvm:1.8.0=kotlinBuildToolsApiClasspath,kotlinCompilerClasspath
org.jetbrains.kotlinx:kotlinx-coroutines-core-linuxarm64:1.11.0=linuxArm64CompileKlibraries
org.jetbrains.kotlinx:kotlinx-coroutines-core-linuxx64:1.11.0=linuxX64CompileKlibraries
org.jetbrains.kotlinx:kotlinx-coroutines-core-macosarm64:1.11.0=macosArm64CompileKlibraries,macosArm64TestCompileKlibraries
org.jetbrains.kotlinx:kotlinx-coroutines-core-macosx64:1.11.0=macosX64CompileKlibraries
org.jetbrains.kotlinx:kotlinx-coroutines-core:1.11.0=compileClasspath,jvmCompileClasspath,jvmTestCompileClasspath,jvmTestRuntimeClasspath,linuxArm64CompileKlibraries,linuxX64CompileKlibraries,macosArm64CompileKlibraries,macosArm64TestCompileKlibraries,macosX64CompileKlibraries,swiftPMDependenciesMetadataClasspath,testCompileClasspath,testRuntimeClasspath
org.jetbrains.kotlinx:kotlinx-coroutines-slf4j:1.11.0=jvmTestRuntimeClasspath,testRuntimeClasspath
org.jetbrains.kotlinx:kotlinx-io-bytestring-jvm:0.9.0=compileClasspath,jvmCompileClasspath,jvmTestCompileClasspath,jvmTestRuntimeClasspath,testCompileClasspath,testRuntimeClasspath
org.jetbrains.kotlinx:kotlinx-io-bytestring-linuxarm64:0.9.0=linuxArm64CompileKlibraries
org.jetbrains.kotlinx:kotlinx-io-bytestring-linuxx64:0.9.0=linuxX64CompileKlibraries
org.jetbrains.kotlinx:kotlinx-io-bytestring-macosarm64:0.9.0=macosArm64CompileKlibraries,macosArm64TestCompileKlibraries
org.jetbrains.kotlinx:kotlinx-io-bytestring-macosx64:0.9.0=macosX64CompileKlibraries
org.jetbrains.kotlinx:kotlinx-io-bytestring:0.9.0=compileClasspath,jvmCompileClasspath,jvmTestCompileClasspath,jvmTestRuntimeClasspath,linuxArm64CompileKlibraries,linuxX64CompileKlibraries,macosArm64CompileKlibraries,macosArm64TestCompileKlibraries,macosX64CompileKlibraries,swiftPMDependenciesMetadataClasspath,testCompileClasspath,testRuntimeClasspath
org.jetbrains.kotlinx:kotlinx-io-core-jvm:0.9.0=compileClasspath,jvmCompileClasspath,jvmTestCompileClasspath,jvmTestRuntimeClasspath,testCompileClasspath,testRuntimeClasspath
org.jetbrains.kotlinx:kotlinx-io-core-linuxarm64:0.9.0=linuxArm64CompileKlibraries
org.jetbrains.kotlinx:kotlinx-io-core-linuxx64:0.9.0=linuxX64CompileKlibraries
org.jetbrains.kotlinx:kotlinx-io-core-macosarm64:0.9.0=macosArm64CompileKlibraries,macosArm64TestCompileKlibraries
org.jetbrains.kotlinx:kotlinx-io-core-macosx64:0.9.0=macosX64CompileKlibraries
org.jetbrains.kotlinx:kotlinx-io-core:0.9.0=compileClasspath,jvmCompileClasspath,jvmTestCompileClasspath,jvmTestRuntimeClasspath,linuxArm64CompileKlibraries,linuxX64CompileKlibraries,macosArm64CompileKlibraries,macosArm64TestCompileKlibraries,macosX64CompileKlibraries,swiftPMDependenciesMetadataClasspath,testCompileClasspath,testRuntimeClasspath
org.jetbrains.kotlinx:kotlinx-serialization-bom:1.11.0=compileClasspath,jvmCompileClasspath,jvmTestCompileClasspath,jvmTestRuntimeClasspath,testCompileClasspath,testRuntimeClasspath
org.jetbrains.kotlinx:kotlinx-serialization-cbor-jvm:1.11.0=jvmCompileClasspath,jvmTestCompileClasspath,jvmTestRuntimeClasspath,testRuntimeClasspath
org.jetbrains.kotlinx:kotlinx-serialization-cbor-linuxarm64:1.11.0=linuxArm64CompileKlibraries
org.jetbrains.kotlinx:kotlinx-serialization-cbor-linuxx64:1.11.0=linuxX64CompileKlibraries
org.jetbrains.kotlinx:kotlinx-serialization-cbor-macosarm64:1.11.0=macosArm64CompileKlibraries,macosArm64TestCompileKlibraries
org.jetbrains.kotlinx:kotlinx-serialization-cbor-macosx64:1.11.0=macosX64CompileKlibraries
org.jetbrains.kotlinx:kotlinx-serialization-cbor:1.11.0=jvmCompileClasspath,jvmTestCompileClasspath,jvmTestRuntimeClasspath,linuxArm64CompileKlibraries,linuxX64CompileKlibraries,macosArm64CompileKlibraries,macosArm64TestCompileKlibraries,macosX64CompileKlibraries,swiftPMDependenciesMetadataClasspath,testRuntimeClasspath
org.jetbrains.kotlinx:kotlinx-serialization-core-jvm:1.11.0=compileClasspath,jvmCompileClasspath,jvmTestCompileClasspath,jvmTestRuntimeClasspath,testCompileClasspath,testRuntimeClasspath
org.jetbrains.kotlinx:kotlinx-serialization-core-linuxarm64:1.11.0=linuxArm64CompileKlibraries
org.jetbrains.kotlinx:kotlinx-serialization-core-linuxx64:1.11.0=linuxX64CompileKlibraries
org.jetbrains.kotlinx:kotlinx-serialization-core-macosarm64:1.11.0=macosArm64CompileKlibraries,macosArm64TestCompileKlibraries
org.jetbrains.kotlinx:kotlinx-serialization-core-macosx64:1.11.0=macosX64CompileKlibraries
org.jetbrains.kotlinx:kotlinx-serialization-core:1.11.0=compileClasspath,jvmCompileClasspath,jvmTestCompileClasspath,jvmTestRuntimeClasspath,linuxArm64CompileKlibraries,linuxX64CompileKlibraries,macosArm64CompileKlibraries,macosArm64TestCompileKlibraries,macosX64CompileKlibraries,swiftPMDependenciesMetadataClasspath,testCompileClasspath,testRuntimeClasspath
org.jetbrains.kotlinx:kotlinx-serialization-json-jvm:1.11.0=compileClasspath,jvmCompileClasspath,jvmTestCompileClasspath,jvmTestRuntimeClasspath,testCompileClasspath,testRuntimeClasspath
org.jetbrains.kotlinx:kotlinx-serialization-json-linuxarm64:1.11.0=linuxArm64CompileKlibraries
org.jetbrains.kotlinx:kotlinx-serialization-json-linuxx64:1.11.0=linuxX64CompileKlibraries
org.jetbrains.kotlinx:kotlinx-serialization-json-macosarm64:1.11.0=macosArm64CompileKlibraries,macosArm64TestCompileKlibraries
org.jetbrains.kotlinx:kotlinx-serialization-json-macosx64:1.11.0=macosX64CompileKlibraries
org.jetbrains.kotlinx:kotlinx-serialization-json:1.11.0=compileClasspath,jvmCompileClasspath,jvmTestCompileClasspath,jvmTestRuntimeClasspath,linuxArm64CompileKlibraries,linuxX64CompileKlibraries,macosArm64CompileKlibraries,macosArm64TestCompileKlibraries,macosX64CompileKlibraries,swiftPMDependenciesMetadataClasspath,testCompileClasspath,testRuntimeClasspath
org.jetbrains:annotations:13.0=kotlinBuildToolsApiClasspath,kotlinCompilerClasspath,kotlinCompilerPluginClasspathJvmMain,kotlinCompilerPluginClasspathJvmTest,kotlinCompilerPluginClasspathMain,kotlinCompilerPluginClasspathTest
org.jetbrains:annotations:23.0.0=compileClasspath,jvmCompileClasspath,jvmTestCompileClasspath,jvmTestRuntimeClasspath,testCompileClasspath,testRuntimeClasspath
org.junit.jupiter:junit-jupiter-api:5.11.4=testCompileClasspath,testRuntimeClasspath
org.junit.jupiter:junit-jupiter-engine:5.11.4=testRuntimeClasspath
org.junit.jupiter:junit-jupiter-params:5.11.4=testCompileClasspath,testRuntimeClasspath
org.junit.jupiter:junit-jupiter:5.11.4=testCompileClasspath,testRuntimeClasspath
org.junit.platform:junit-platform-commons:1.11.4=testCompileClasspath,testRuntimeClasspath
org.junit.platform:junit-platform-engine:1.11.4=testRuntimeClasspath
org.junit.platform:junit-platform-launcher:1.11.4=testRuntimeClasspath
org.junit:junit-bom:5.11.4=testCompileClasspath,testRuntimeClasspath
org.opentest4j:opentest4j:1.3.0=testCompileClasspath,testRuntimeClasspath
org.ow2.asm:asm-commons:9.9=jacocoAnt
org.ow2.asm:asm-tree:9.9=jacocoAnt
org.ow2.asm:asm:9.9=jacocoAnt
org.slf4j:slf4j-api:2.0.18=compileClasspath,jvmCompileClasspath,jvmTestCompileClasspath,jvmTestRuntimeClasspath,testCompileClasspath,testRuntimeClasspath
empty=kotlinScriptDefExtensions,testKotlinScriptDefExtensions
